
Microsoft Visual Studio Solution File, Format Version 12.00
# Visual Studio 14
VisualStudioVersion = 14.0.23107.0
MinimumVisualStudioVersion = 10.0.40219.1
Project("{FAE04EC0-301F-11D3-BF4B-00C04F79EFBC}") = "Rg.Web", "Rg.Web\Rg.Web.csproj", "{CD4F78FA-1D14-43D5-865F-41B09F8D47B6}"
EndProject
Project("{FAE04EC0-301F-11D3-BF4B-00C04F79EFBC}") = "Rg.ApiTypes", "Rg.ApiTypes\Rg.ApiTypes.csproj", "{5FBCD4BA-9406-4691-A052-9E4FEA33B917}"
EndProject
Project("{FAE04EC0-301F-11D3-BF4B-00C04F79EFBC}") = "Rg.ServiceCore", "Rg.ServiceCore\Rg.ServiceCore.csproj", "{434172AF-608F-47B1-8AB4-62AD246315C7}"
EndProject
Project("{FAE04EC0-301F-11D3-BF4B-00C04F79EFBC}") = "Rg.Api", "Rg.Api\Rg.Api.csproj", "{BDA365F8-C2B9-4AB6-ADA0-57B4E5E8A0FE}"
EndProject
Global
	GlobalSection(SolutionConfigurationPlatforms) = preSolution
		Debug|Any CPU = Debug|Any CPU
		Release|Any CPU = Release|Any CPU
	EndGlobalSection
	GlobalSection(ProjectConfigurationPlatforms) = postSolution
		{CD4F78FA-1D14-43D5-865F-41B09F8D47B6}.Debug|Any CPU.ActiveCfg = Debug|Any CPU
		{CD4F78FA-1D14-43D5-865F-41B09F8D47B6}.Debug|Any CPU.Build.0 = Debug|Any CPU
		{CD4F78FA-1D14-43D5-865F-41B09F8D47B6}.Release|Any CPU.ActiveCfg = Release|Any CPU
		{CD4F78FA-1D14-43D5-865F-41B09F8D47B6}.Release|Any CPU.Build.0 = Release|Any CPU
		{5FBCD4BA-9406-4691-A052-9E4FEA33B917}.Debug|Any CPU.ActiveCfg = Debug|Any CPU
		{5FBCD4BA-9406-4691-A052-9E4FEA33B917}.Debug|Any CPU.Build.0 = Debug|Any CPU
		{5FBCD4BA-9406-4691-A052-9E4FEA33B917}.Release|Any CPU.ActiveCfg = Release|Any CPU
		{5FBCD4BA-9406-4691-A052-9E4FEA33B917}.Release|Any CPU.Build.0 = Release|Any CPU
		{434172AF-608F-47B1-8AB4-62AD246315C7}.Debug|Any CPU.ActiveCfg = Debug|Any CPU
		{434172AF-608F-47B1-8AB4-62AD246315C7}.Debug|Any CPU.Build.0 = Debug|Any CPU
		{434172AF-608F-47B1-8AB4-62AD246315C7}.Release|Any CPU.ActiveCfg = Release|Any CPU
		{434172AF-608F-47B1-8AB4-62AD246315C7}.Release|Any CPU.Build.0 = Release|Any CPU
		{BDA365F8-C2B9-4AB6-ADA0-57B4E5E8A0FE}.Debug|Any CPU.ActiveCfg = Debug|Any CPU
		{BDA365F8-C2B9-4AB6-ADA0-57B4E5E8A0FE}.Debug|Any CPU.Build.0 = Debug|Any CPU
		{BDA365F8-C2B9-4AB6-ADA0-57B4E5E8A0FE}.Release|Any CPU.ActiveCfg = Release|Any CPU
		{BDA365F8-C2B9-4AB6-ADA0-57B4E5E8A0FE}.Release|Any CPU.Build.0 = Release|Any CPU
	EndGlobalSection
	GlobalSection(SolutionProperties) = preSolution
		HideSolutionNode = FALSE
	EndGlobalSection
EndGlobal
